
Microsoft Visual Studio Solution File, Format Version 12.00
# Visual Studio Version 17
VisualStudioVersion = 17.7.34024.191
MinimumVisualStudioVersion = 10.0.40219.1
Project("{FAE04EC0-301F-11D3-BF4B-00C04F79EFBC}") = "NewProject", "NewProject.csproj", "{5BC3FE28-845C-4602-8F3E-D325B9A89572}"
EndProject
Global
	GlobalSection(SolutionConfigurationPlatforms) = preSolution
		Debug|Any CPU = Debug|Any CPU
		Release|Any CPU = Release|Any CPU
	EndGlobalSection
	GlobalSection(ProjectConfigurationPlatforms) = postSolution
		{5BC3FE28-845C-4602-8F3E-D325B9A89572}.Debug|Any CPU.ActiveCfg = Debug|Any CPU
		{5BC3FE28-845C-4602-8F3E-D325B9A89572}.Debug|Any CPU.Build.0 = Debug|Any CPU
		{5BC3FE28-845C-4602-8F3E-D325B9A89572}.Release|Any CPU.ActiveCfg = Release|Any CPU
		{5BC3FE28-845C-4602-8F3E-D325B9A89572}.Release|Any CPU.Build.0 = Release|Any CPU
	EndGlobalSection
	GlobalSection(SolutionProperties) = preSolution
		HideSolutionNode = FALSE
	EndGlobalSection
	GlobalSection(ExtensibilityGlobals) = postSolution
		SolutionGuid = {6E39FDA9-5FF4-4A90-810D-F668580CDA23}
	EndGlobalSection
EndGlobal
